
Microsoft Visual Studio Solution File, Format Version 12.00
# Visual Studio Version 17
VisualStudioVersion = 17.0.31903.59
MinimumVisualStudioVersion = 10.0.40219.1
Project("{FAE04EC0-301F-11D3-BF4B-00C04F79EFBC}") = "Soft Deletes", "Soft Deletes 2\Soft Deletes.csproj", "{09A1C8CF-8CE8-49A2-A21C-DF320F0F72C6}"
EndProject
Project("{FAE04EC0-301F-11D3-BF4B-00C04F79EFBC}") = "Tests", "Tests\Tests.csproj", "{0284F499-D996-4741-B045-96821B97D0A3}"
EndProject
Global
	GlobalSection(SolutionConfigurationPlatforms) = preSolution
		Debug|Any CPU = Debug|Any CPU
		Release|Any CPU = Release|Any CPU
	EndGlobalSection
	GlobalSection(ProjectConfigurationPlatforms) = postSolution
		{09A1C8CF-8CE8-49A2-A21C-DF320F0F72C6}.Debug|Any CPU.ActiveCfg = Debug|Any CPU
		{09A1C8CF-8CE8-49A2-A21C-DF320F0F72C6}.Debug|Any CPU.Build.0 = Debug|Any CPU
		{09A1C8CF-8CE8-49A2-A21C-DF320F0F72C6}.Release|Any CPU.ActiveCfg = Release|Any CPU
		{09A1C8CF-8CE8-49A2-A21C-DF320F0F72C6}.Release|Any CPU.Build.0 = Release|Any CPU
		{0284F499-D996-4741-B045-96821B97D0A3}.Debug|Any CPU.ActiveCfg = Debug|Any CPU
		{0284F499-D996-4741-B045-96821B97D0A3}.Debug|Any CPU.Build.0 = Debug|Any CPU
		{0284F499-D996-4741-B045-96821B97D0A3}.Release|Any CPU.ActiveCfg = Release|Any CPU
		{0284F499-D996-4741-B045-96821B97D0A3}.Release|Any CPU.Build.0 = Release|Any CPU
	EndGlobalSection
	GlobalSection(SolutionProperties) = preSolution
		HideSolutionNode = FALSE
	EndGlobalSection
	GlobalSection(ExtensibilityGlobals) = postSolution
		SolutionGuid = {86E0586E-3B53-4F17-B24E-A966A8EFA0AD}
	EndGlobalSection
EndGlobal
